
Microsoft Visual Studio Solution File, Format Version 12.00
# Visual Studio 14
VisualStudioVersion = 14.0.25420.1
MinimumVisualStudioVersion = 10.0.40219.1
Project("{FAE04EC0-301F-11D3-BF4B-00C04F79EFBC}") = "OutputCacheExample", "OutputCacheExample\OutputCacheExample.csproj", "{0AA6199C-F2F8-4734-821F-CE689F6A58CA}"
EndProject
Project("{FAE04EC0-301F-11D3-BF4B-00C04F79EFBC}") = "MemoryCacheExample", "MemoryCacheExample\MemoryCacheExample.csproj", "{BA5CE67D-A5CE-4958-BA4D-A419ACE883E3}"
EndProject
Global
	GlobalSection(SolutionConfigurationPlatforms) = preSolution
		Debug|Any CPU = Debug|Any CPU
		Release|Any CPU = Release|Any CPU
	EndGlobalSection
	GlobalSection(ProjectConfigurationPlatforms) = postSolution
		{0AA6199C-F2F8-4734-821F-CE689F6A58CA}.Debug|Any CPU.ActiveCfg = Debug|Any CPU
		{0AA6199C-F2F8-4734-821F-CE689F6A58CA}.Debug|Any CPU.Build.0 = Debug|Any CPU
		{0AA6199C-F2F8-4734-821F-CE689F6A58CA}.Release|Any CPU.ActiveCfg = Release|Any CPU
		{0AA6199C-F2F8-4734-821F-CE689F6A58CA}.Release|Any CPU.Build.0 = Release|Any CPU
		{BA5CE67D-A5CE-4958-BA4D-A419ACE883E3}.Debug|Any CPU.ActiveCfg = Debug|Any CPU
		{BA5CE67D-A5CE-4958-BA4D-A419ACE883E3}.Debug|Any CPU.Build.0 = Debug|Any CPU
		{BA5CE67D-A5CE-4958-BA4D-A419ACE883E3}.Release|Any CPU.ActiveCfg = Release|Any CPU
		{BA5CE67D-A5CE-4958-BA4D-A419ACE883E3}.Release|Any CPU.Build.0 = Release|Any CPU
	EndGlobalSection
	GlobalSection(SolutionProperties) = preSolution
		HideSolutionNode = FALSE
	EndGlobalSection
EndGlobal
